
Microsoft Visual Studio Solution File, Format Version 12.00
# Visual Studio Version 17
VisualStudioVersion = 17.14.36408.4 d17.14
MinimumVisualStudioVersion = 10.0.40219.1
Project("{FAE04EC0-301F-11D3-BF4B-00C04F79EFBC}") = "SkipSplashScreen", "SkipSplashScreen.csproj", "{99FF7643-6328-41A0-B2BC-E393F8B04C54}"
EndProject
Global
	GlobalSection(SolutionConfigurationPlatforms) = preSolution
		Debug|Any CPU = Debug|Any CPU
		Release|Any CPU = Release|Any CPU
	EndGlobalSection
	GlobalSection(ProjectConfigurationPlatforms) = postSolution
		{99FF7643-6328-41A0-B2BC-E393F8B04C54}.Debug|Any CPU.ActiveCfg = Debug|Any CPU
		{99FF7643-6328-41A0-B2BC-E393F8B04C54}.Debug|Any CPU.Build.0 = Debug|Any CPU
		{99FF7643-6328-41A0-B2BC-E393F8B04C54}.Release|Any CPU.ActiveCfg = Release|Any CPU
		{99FF7643-6328-41A0-B2BC-E393F8B04C54}.Release|Any CPU.Build.0 = Release|Any CPU
	EndGlobalSection
	GlobalSection(SolutionProperties) = preSolution
		HideSolutionNode = FALSE
	EndGlobalSection
	GlobalSection(ExtensibilityGlobals) = postSolution
		SolutionGuid = {51E4FEB0-6A39-4492-BB11-724C871D542E}
	EndGlobalSection
EndGlobal
